
Microsoft Visual Studio Solution File, Format Version 12.00
# Visual Studio Version 16
VisualStudioVersion = 16.0.30611.23
MinimumVisualStudioVersion = 10.0.40219.1
Project("{FAE04EC0-301F-11D3-BF4B-00C04F79EFBC}") = "Snake Final", "Snake Final.csproj", "{BEAF369A-48BD-408F-9BDC-5B0982AAD5D9}"
EndProject
Global
	GlobalSection(SolutionConfigurationPlatforms) = preSolution
		Debug|Any CPU = Debug|Any CPU
		Release|Any CPU = Release|Any CPU
	EndGlobalSection
	GlobalSection(ProjectConfigurationPlatforms) = postSolution
		{BEAF369A-48BD-408F-9BDC-5B0982AAD5D9}.Debug|Any CPU.ActiveCfg = Debug|Any CPU
		{BEAF369A-48BD-408F-9BDC-5B0982AAD5D9}.Debug|Any CPU.Build.0 = Debug|Any CPU
		{BEAF369A-48BD-408F-9BDC-5B0982AAD5D9}.Release|Any CPU.ActiveCfg = Release|Any CPU
		{BEAF369A-48BD-408F-9BDC-5B0982AAD5D9}.Release|Any CPU.Build.0 = Release|Any CPU
	EndGlobalSection
	GlobalSection(SolutionProperties) = preSolution
		HideSolutionNode = FALSE
	EndGlobalSection
	GlobalSection(ExtensibilityGlobals) = postSolution
		SolutionGuid = {EFE4586B-8FA6-4FDA-BEE8-28DDD816950B}
	EndGlobalSection
EndGlobal
